{
  "name": "siyuan-plugin-system",
  "lockfileVersion": 3,
  "requires": true,
  "packages": {
    "": {
      "devDependencies": {
        "@types/node": "^18.14.1"
      }
    },
    "node_modules/@types/node": {
      "version": "18.14.1",
      "resolved": "https://registry.npmjs.org/@types/node/-/node-18.14.1.tgz",
      "integrity": "sha512-QH+37Qds3E0eDlReeboBxfHbX9omAcBCXEzswCu6jySP642jiM3cYSIkU/REqwhCUqXdonHFuBfJDiAJxMNhaQ==",
      "dev": true
    }
  }
}
